# THIS IS AN AUTOGENERATED FILE. DO NOT EDIT THIS FILE DIRECTLY.
# yarn lockfile v1


eventemitter3@^3.0.1:
  version "3.0.1"
  resolved "https://registry.yarnpkg.com/eventemitter3/-/eventemitter3-3.0.1.tgz#4ce66c3fc5b5a6b9f2245e359e1938f1ab10f960"

phaser@^3.6.0:
  version "3.6.0"
  resolved "https://registry.yarnpkg.com/phaser/-/phaser-3.6.0.tgz#de258838325dc57fca1314ffb4627f7e03c90125"
  dependencies:
    eventemitter3 "^3.0.1"
